// !$*UTF8*$!
{
	archiveVersion = 1;
	classes = {
	};
	objectVersion = 46;
	objects = {

/* Begin PBXBuildFile section */
		570889751DBA6A4F00A7E767 /* JVFloatLabeledText.framework in Frameworks */ = {isa = PBXBuildFile; fileRef = 570889741DBA6A4F00A7E767 /* JVFloatLabeledText.framework */; };
		570889B81DBB1AFC00A7E767 /* UIImage+CameraFilters.m in Sources */ = {isa = PBXBuildFile; fileRef = 5708897B1DBB1AFC00A7E767 /* UIImage+CameraFilters.m */; };
		570889B91DBB1AFC00A7E767 /* TGCameraAuthorizationViewController.m in Sources */ = {isa = PBXBuildFile; fileRef = 5708897E1DBB1AFC00A7E767 /* TGCameraAuthorizationViewController.m */; };
		570889BA1DBB1AFC00A7E767 /* TGCameraNavigationController.m in Sources */ = {isa = PBXBuildFile; fileRef = 570889801DBB1AFC00A7E767 /* TGCameraNavigationController.m */; };
		570889BB1DBB1AFC00A7E767 /* TGCameraViewController.m in Sources */ = {isa = PBXBuildFile; fileRef = 570889821DBB1AFC00A7E767 /* TGCameraViewController.m */; };
		570889BC1DBB1AFC00A7E767 /* TGPhotoViewController.m in Sources */ = {isa = PBXBuildFile; fileRef = 570889841DBB1AFC00A7E767 /* TGPhotoViewController.m */; };
		570889BD1DBB1AFC00A7E767 /* TGAlbum.m in Sources */ = {isa = PBXBuildFile; fileRef = 570889871DBB1AFC00A7E767 /* TGAlbum.m */; };
		570889BE1DBB1AFC00A7E767 /* TGAssetsLibrary.m in Sources */ = {isa = PBXBuildFile; fileRef = 570889891DBB1AFC00A7E767 /* TGAssetsLibrary.m */; };
		570889BF1DBB1AFC00A7E767 /* TGCamera.m in Sources */ = {isa = PBXBuildFile; fileRef = 5708898B1DBB1AFC00A7E767 /* TGCamera.m */; };
		570889C01DBB1AFC00A7E767 /* TGCameraColor.m in Sources */ = {isa = PBXBuildFile; fileRef = 5708898D1DBB1AFC00A7E767 /* TGCameraColor.m */; };
		570889C11DBB1AFC00A7E767 /* TGCameraFlash.m in Sources */ = {isa = PBXBuildFile; fileRef = 5708898F1DBB1AFC00A7E767 /* TGCameraFlash.m */; };
		570889C21DBB1AFC00A7E767 /* TGCameraFocus.m in Sources */ = {isa = PBXBuildFile; fileRef = 570889911DBB1AFC00A7E767 /* TGCameraFocus.m */; };
		570889C31DBB1AFC00A7E767 /* TGCameraFunctions.m in Sources */ = {isa = PBXBuildFile; fileRef = 570889931DBB1AFC00A7E767 /* TGCameraFunctions.m */; };
		570889C41DBB1AFC00A7E767 /* TGCameraGrid.m in Sources */ = {isa = PBXBuildFile; fileRef = 570889951DBB1AFC00A7E767 /* TGCameraGrid.m */; };
		570889C51DBB1AFC00A7E767 /* TGCameraShot.m in Sources */ = {isa = PBXBuildFile; fileRef = 570889971DBB1AFC00A7E767 /* TGCameraShot.m */; };
		570889C61DBB1AFC00A7E767 /* TGCameraToggle.m in Sources */ = {isa = PBXBuildFile; fileRef = 570889991DBB1AFC00A7E767 /* TGCameraToggle.m */; };
		570889C71DBB1AFC00A7E767 /* TGAssetImageFile.m in Sources */ = {isa = PBXBuildFile; fileRef = 5708899C1DBB1AFC00A7E767 /* TGAssetImageFile.m */; };
		570889C81DBB1AFC00A7E767 /* TGCameraFilterView.m in Sources */ = {isa = PBXBuildFile; fileRef = 5708899F1DBB1AFC00A7E767 /* TGCameraFilterView.m */; };
		570889C91DBB1AFC00A7E767 /* TGCameraFocusView.m in Sources */ = {isa = PBXBuildFile; fileRef = 570889A11DBB1AFC00A7E767 /* TGCameraFocusView.m */; };
		570889CA1DBB1AFC00A7E767 /* TGCameraGridView.m in Sources */ = {isa = PBXBuildFile; fileRef = 570889A31DBB1AFC00A7E767 /* TGCameraGridView.m */; };
		570889CB1DBB1AFC00A7E767 /* TGCameraSlideDownView.m in Sources */ = {isa = PBXBuildFile; fileRef = 570889A51DBB1AFC00A7E767 /* TGCameraSlideDownView.m */; };
		570889CC1DBB1AFC00A7E767 /* TGCameraSlideUpView.m in Sources */ = {isa = PBXBuildFile; fileRef = 570889A71DBB1AFC00A7E767 /* TGCameraSlideUpView.m */; };
		570889CD1DBB1AFC00A7E767 /* TGCameraSlideView.m in Sources */ = {isa = PBXBuildFile; fileRef = 570889A91DBB1AFC00A7E767 /* TGCameraSlideView.m */; };
		570889CE1DBB1AFC00A7E767 /* TGTintedButton.m in Sources */ = {isa = PBXBuildFile; fileRef = 570889AB1DBB1AFC00A7E767 /* TGTintedButton.m */; };
		570889CF1DBB1AFC00A7E767 /* TGTintedLabel.m in Sources */ = {isa = PBXBuildFile; fileRef = 570889AD1DBB1AFC00A7E767 /* TGTintedLabel.m */; };
		570889D01DBB1AFC00A7E767 /* TGCameraAuthorizationViewController.xib in Resources */ = {isa = PBXBuildFile; fileRef = 570889AF1DBB1AFC00A7E767 /* TGCameraAuthorizationViewController.xib */; };
		570889D11DBB1AFC00A7E767 /* TGCameraViewController.xib in Resources */ = {isa = PBXBuildFile; fileRef = 570889B11DBB1AFC00A7E767 /* TGCameraViewController.xib */; };
		570889D21DBB1AFC00A7E767 /* TGPhotoViewController.xib in Resources */ = {isa = PBXBuildFile; fileRef = 570889B31DBB1AFC00A7E767 /* TGPhotoViewController.xib */; };
		570889D31DBB1AFC00A7E767 /* TGCameraViewController.bundle in Resources */ = {isa = PBXBuildFile; fileRef = 570889B61DBB1AFC00A7E767 /* TGCameraViewController.bundle */; };
		570889D41DBB1AFC00A7E767 /* TGCameraViewController.xcassets in Resources */ = {isa = PBXBuildFile; fileRef = 570889B71DBB1AFC00A7E767 /* TGCameraViewController.xcassets */; };
		57088AEB1DBC2BC100A7E767 /* EdgePanTransition.swift in Sources */ = {isa = PBXBuildFile; fileRef = 57088AE61DBC2BC100A7E767 /* EdgePanTransition.swift */; };
		57088AEC1DBC2BC100A7E767 /* ElasticShapeLayer.swift in Sources */ = {isa = PBXBuildFile; fileRef = 57088AE71DBC2BC100A7E767 /* ElasticShapeLayer.swift */; };
		57088AED1DBC2BC100A7E767 /* ElasticTransition.swift in Sources */ = {isa = PBXBuildFile; fileRef = 57088AE81DBC2BC100A7E767 /* ElasticTransition.swift */; };
		57088AEE1DBC2BC100A7E767 /* ElasticTransitionPresentationController.swift in Sources */ = {isa = PBXBuildFile; fileRef = 57088AE91DBC2BC100A7E767 /* ElasticTransitionPresentationController.swift */; };
		57088AEF1DBC2BC100A7E767 /* Util.swift in Sources */ = {isa = PBXBuildFile; fileRef = 57088AEA1DBC2BC100A7E767 /* Util.swift */; };
		57088AF11DBC2BCB00A7E767 /* ElasticModalViewController.swift in Sources */ = {isa = PBXBuildFile; fileRef = 57088AF01DBC2BCB00A7E767 /* ElasticModalViewController.swift */; };
		571986DE1D909D3E00221D27 /* STArchiveListVC.swift in Sources */ = {isa = PBXBuildFile; fileRef = 571986DD1D909D3E00221D27 /* STArchiveListVC.swift */; };
		571986E11D90AB2D00221D27 /* STHelpers.swift in Sources */ = {isa = PBXBuildFile; fileRef = 571986E01D90AB2D00221D27 /* STHelpers.swift */; };
		571C82DE1D9ED03E00CFC070 /* STInstitution.swift in Sources */ = {isa = PBXBuildFile; fileRef = 571C82DD1D9ED03E00CFC070 /* STInstitution.swift */; };
		5746D1FE1D98B1970006F72D /* STUser.swift in Sources */ = {isa = PBXBuildFile; fileRef = 5746D1FD1D98B1970006F72D /* STUser.swift */; };
		5754F9081DB5DEB000C3B3A1 /* DZNEmptyDataSet.framework in Frameworks */ = {isa = PBXBuildFile; fileRef = 5754F9071DB5DEB000C3B3A1 /* DZNEmptyDataSet.framework */; };
		5754F90A1DB5DEB300C3B3A1 /* MBProgressHUD.framework in Frameworks */ = {isa = PBXBuildFile; fileRef = 5754F9091DB5DEB300C3B3A1 /* MBProgressHUD.framework */; };
		5754F9101DB5E3C100C3B3A1 /* TwicketSegmentedControl.swift in Sources */ = {isa = PBXBuildFile; fileRef = 5754F90F1DB5E3C100C3B3A1 /* TwicketSegmentedControl.swift */; };
		5754F9121DB5E3CB00C3B3A1 /* Palette.swift in Sources */ = {isa = PBXBuildFile; fileRef = 5754F9111DB5E3CB00C3B3A1 /* Palette.swift */; };
		5754F9151DB6B84400C3B3A1 /* STItemDetailVC.swift in Sources */ = {isa = PBXBuildFile; fileRef = 5754F9141DB6B84400C3B3A1 /* STItemDetailVC.swift */; };
		57558E001D9F2ED6002AA922 /* STArchiveCollectionViewCell.swift in Sources */ = {isa = PBXBuildFile; fileRef = 57558DFF1D9F2ED6002AA922 /* STArchiveCollectionViewCell.swift */; };
		57558E021D9F47E9002AA922 /* STArchiveDetailVC.swift in Sources */ = {isa = PBXBuildFile; fileRef = 57558E011D9F47E9002AA922 /* STArchiveDetailVC.swift */; };
		57558E041D9F500C002AA922 /* STArchiveHeaderView.swift in Sources */ = {isa = PBXBuildFile; fileRef = 57558E031D9F500C002AA922 /* STArchiveHeaderView.swift */; };
		57558E061D9F69A7002AA922 /* STBox.swift in Sources */ = {isa = PBXBuildFile; fileRef = 57558E051D9F69A7002AA922 /* STBox.swift */; };
		57558E081D9F69C1002AA922 /* STCollection.swift in Sources */ = {isa = PBXBuildFile; fileRef = 57558E071D9F69C1002AA922 /* STCollection.swift */; };
		57558E0A1D9F6A66002AA922 /* STVolume.swift in Sources */ = {isa = PBXBuildFile; fileRef = 57558E091D9F6A66002AA922 /* STVolume.swift */; };
		57558E0C1D9F6AAC002AA922 /* STFolder.swift in Sources */ = {isa = PBXBuildFile; fileRef = 57558E0B1D9F6AAC002AA922 /* STFolder.swift */; };
		575D51081D9047BB00788BFA /* AppDelegate.swift in Sources */ = {isa = PBXBuildFile; fileRef = 575D51071D9047BB00788BFA /* AppDelegate.swift */; };
		575D510D1D9047BB00788BFA /* Main.storyboard in Resources */ = {isa = PBXBuildFile; fileRef = 575D510B1D9047BB00788BFA /* Main.storyboard */; };
		575D510F1D9047BB00788BFA /* Assets.xcassets in Resources */ = {isa = PBXBuildFile; fileRef = 575D510E1D9047BB00788BFA /* Assets.xcassets */; };
		575D51121D9047BB00788BFA /* LaunchScreen.storyboard in Resources */ = {isa = PBXBuildFile; fileRef = 575D51101D9047BB00788BFA /* LaunchScreen.storyboard */; };
		575D511A1D90488300788BFA /* GoogleService-Info.plist in Resources */ = {isa = PBXBuildFile; fileRef = 575D51191D90488300788BFA /* GoogleService-Info.plist */; };
		575D511F1D904AD100788BFA /* STSignInController.swift in Sources */ = {isa = PBXBuildFile; fileRef = 575D511E1D904AD100788BFA /* STSignInController.swift */; };
		575D51221D906CA600788BFA /* UIViewController+keyboard.swift in Sources */ = {isa = PBXBuildFile; fileRef = 575D51211D906CA600788BFA /* UIViewController+keyboard.swift */; };
		575D51241D9076E300788BFA /* STRoundedButton.swift in Sources */ = {isa = PBXBuildFile; fileRef = 575D51231D9076E300788BFA /* STRoundedButton.swift */; };
		575D51261D90780000788BFA /* STDefines.swift in Sources */ = {isa = PBXBuildFile; fileRef = 575D51251D90780000788BFA /* STDefines.swift */; };
		5782F16E1D99DB520004F4BF /* STRootViewController.swift in Sources */ = {isa = PBXBuildFile; fileRef = 5782F16D1D99DB520004F4BF /* STRootViewController.swift */; };
		5782F1711D99DBF10004F4BF /* UIView+Shadow.swift in Sources */ = {isa = PBXBuildFile; fileRef = 5782F1701D99DBF10004F4BF /* UIView+Shadow.swift */; };
		5782F1771D99DCEC0004F4BF /* STToDoListVC.swift in Sources */ = {isa = PBXBuildFile; fileRef = 5782F1761D99DCEC0004F4BF /* STToDoListVC.swift */; };
		5782F17A1D99F0220004F4BF /* UIColor+HexValue.swift in Sources */ = {isa = PBXBuildFile; fileRef = 5782F1791D99F0220004F4BF /* UIColor+HexValue.swift */; };
		57FEEF7C1D9B62C900BF32AB /* STRealmDB.swift in Sources */ = {isa = PBXBuildFile; fileRef = 57FEEF7B1D9B62C900BF32AB /* STRealmDB.swift */; };
		57FEEF7E1D9C5A5100BF32AB /* STFirebaseDB.swift in Sources */ = {isa = PBXBuildFile; fileRef = 57FEEF7D1D9C5A5100BF32AB /* STFirebaseDB.swift */; };
		57FEEF801D9DC99C00BF32AB /* STItem.swift in Sources */ = {isa = PBXBuildFile; fileRef = 57FEEF7F1D9DC99C00BF32AB /* STItem.swift */; };
		57FEEF821D9DD2AF00BF32AB /* STModelBase.swift in Sources */ = {isa = PBXBuildFile; fileRef = 57FEEF811D9DD2AF00BF32AB /* STModelBase.swift */; };
		57FEEF861D9DDD4C00BF32AB /* STCameraButton.swift in Sources */ = {isa = PBXBuildFile; fileRef = 57FEEF851D9DDD4C00BF32AB /* STCameraButton.swift */; };
		BBB6A58F9EAE755FDA773050 /* Pods_STAR.framework in Frameworks */ = {isa = PBXBuildFile; fileRef = 074434962672E087ACBF7A16 /* Pods_STAR.framework */; };
/* End PBXBuildFile section */

/* Begin PBXFileReference section */
		074434962672E087ACBF7A16 /* Pods_STAR.framework */ = {isa = PBXFileReference; explicitFileType = wrapper.framework; includeInIndex = 0; path = Pods_STAR.framework; sourceTree = BUILT_PRODUCTS_DIR; };
		570889741DBA6A4F00A7E767 /* JVFloatLabeledText.framework */ = {isa = PBXFileReference; lastKnownFileType = wrapper.framework; name = JVFloatLabeledText.framework; path = Carthage/Build/iOS/JVFloatLabeledText.framework; sourceTree = "<group>"; };
		5708897A1DBB1AFC00A7E767 /* UIImage+CameraFilters.h */ = {isa = PBXFileReference; fileEncoding = 4; lastKnownFileType = sourcecode.c.h; path = "UIImage+CameraFilters.h"; sourceTree = "<group>"; };
		5708897B1DBB1AFC00A7E767 /* UIImage+CameraFilters.m */ = {isa = PBXFileReference; fileEncoding = 4; lastKnownFileType = sourcecode.c.objc; path = "UIImage+CameraFilters.m"; sourceTree = "<group>"; };
		5708897D1DBB1AFC00A7E767 /* TGCameraAuthorizationViewController.h */ = {isa = PBXFileReference; fileEncoding = 4; lastKnownFileType = sourcecode.c.h; path = TGCameraAuthorizationViewController.h; sourceTree = "<group>"; };
		5708897E1DBB1AFC00A7E767 /* TGCameraAuthorizationViewController.m */ = {isa = PBXFileReference; fileEncoding = 4; lastKnownFileType = sourcecode.c.objc; path = TGCameraAuthorizationViewController.m; sourceTree = "<group>"; };
		5708897F1DBB1AFC00A7E767 /* TGCameraNavigationController.h */ = {isa = PBXFileReference; fileEncoding = 4; lastKnownFileType = sourcecode.c.h; path = TGCameraNavigationController.h; sourceTree = "<group>"; };
		570889801DBB1AFC00A7E767 /* TGCameraNavigationController.m */ = {isa = PBXFileReference; fileEncoding = 4; lastKnownFileType = sourcecode.c.objc; path = TGCameraNavigationController.m; sourceTree = "<group>"; };
		570889811DBB1AFC00A7E767 /* TGCameraViewController.h */ = {isa = PBXFileReference; fileEncoding = 4; lastKnownFileType = sourcecode.c.h; path = TGCameraViewController.h; sourceTree = "<group>"; };
		570889821DBB1AFC00A7E767 /* TGCameraViewController.m */ = {isa = PBXFileReference; fileEncoding = 4; lastKnownFileType = sourcecode.c.objc; path = TGCameraViewController.m; sourceTree = "<group>"; };
		570889831DBB1AFC00A7E767 /* TGPhotoViewController.h */ = {isa = PBXFileReference; fileEncoding = 4; lastKnownFileType = sourcecode.c.h; path = TGPhotoViewController.h; sourceTree = "<group>"; };
		570889841DBB1AFC00A7E767 /* TGPhotoViewController.m */ = {isa = PBXFileReference; fileEncoding = 4; lastKnownFileType = sourcecode.c.objc; path = TGPhotoViewController.m; sourceTree = "<group>"; };
		570889861DBB1AFC00A7E767 /* TGAlbum.h */ = {isa = PBXFileReference; fileEncoding = 4; lastKnownFileType = sourcecode.c.h; path = TGAlbum.h; sourceTree = "<group>"; };
		570889871DBB1AFC00A7E767 /* TGAlbum.m */ = {isa = PBXFileReference; fileEncoding = 4; lastKnownFileType = sourcecode.c.objc; path = TGAlbum.m; sourceTree = "<group>"; };
		570889881DBB1AFC00A7E767 /* TGAssetsLibrary.h */ = {isa = PBXFileReference; fileEncoding = 4; lastKnownFileType = sourcecode.c.h; path = TGAssetsLibrary.h; sourceTree = "<group>"; };
		570889891DBB1AFC00A7E767 /* TGAssetsLibrary.m */ = {isa = PBXFileReference; fileEncoding = 4; lastKnownFileType = sourcecode.c.objc; path = TGAssetsLibrary.m; sourceTree = "<group>"; };
		5708898A1DBB1AFC00A7E767 /* TGCamera.h */ = {isa = PBXFileReference; fileEncoding = 4; lastKnownFileType = sourcecode.c.h; path = TGCamera.h; sourceTree = "<group>"; };
		5708898B1DBB1AFC00A7E767 /* TGCamera.m */ = {isa = PBXFileReference; fileEncoding = 4; lastKnownFileType = sourcecode.c.objc; path = TGCamera.m; sourceTree = "<group>"; };
		5708898C1DBB1AFC00A7E767 /* TGCameraColor.h */ = {isa = PBXFileReference; fileEncoding = 4; lastKnownFileType = sourcecode.c.h; path = TGCameraColor.h; sourceTree = "<group>"; };
		5708898D1DBB1AFC00A7E767 /* TGCameraColor.m */ = {isa = PBXFileReference; fileEncoding = 4; lastKnownFileType = sourcecode.c.objc; path = TGCameraColor.m; sourceTree = "<group>"; };
		5708898E1DBB1AFC00A7E767 /* TGCameraFlash.h */ = {isa = PBXFileReference; fileEncoding = 4; lastKnownFileType = sourcecode.c.h; path = TGCameraFlash.h; sourceTree = "<group>"; };
		5708898F1DBB1AFC00A7E767 /* TGCameraFlash.m */ = {isa = PBXFileReference; fileEncoding = 4; lastKnownFileType = sourcecode.c.objc; path = TGCameraFlash.m; sourceTree = "<group>"; };
		570889901DBB1AFC00A7E767 /* TGCameraFocus.h */ = {isa = PBXFileReference; fileEncoding = 4; lastKnownFileType = sourcecode.c.h; path = TGCameraFocus.h; sourceTree = "<group>"; };
		570889911DBB1AFC00A7E767 /* TGCameraFocus.m */ = {isa = PBXFileReference; fileEncoding = 4; lastKnownFileType = sourcecode.c.objc; path = TGCameraFocus.m; sourceTree = "<group>"; };
		570889921DBB1AFC00A7E767 /* TGCameraFunctions.h */ = {isa = PBXFileReference; fileEncoding = 4; lastKnownFileType = sourcecode.c.h; path = TGCameraFunctions.h; sourceTree = "<group>"; };
		570889931DBB1AFC00A7E767 /* TGCameraFunctions.m */ = {isa = PBXFileReference; fileEncoding = 4; lastKnownFileType = sourcecode.c.objc; path = TGCameraFunctions.m; sourceTree = "<group>"; };
		570889941DBB1AFC00A7E767 /* TGCameraGrid.h */ = {isa = PBXFileReference; fileEncoding = 4; lastKnownFileType = sourcecode.c.h; path = TGCameraGrid.h; sourceTree = "<group>"; };
		570889951DBB1AFC00A7E767 /* TGCameraGrid.m */ = {isa = PBXFileReference; fileEncoding = 4; lastKnownFileType = sourcecode.c.objc; path = TGCameraGrid.m; sourceTree = "<group>"; };
		570889961DBB1AFC00A7E767 /* TGCameraShot.h */ = {isa = PBXFileReference; fileEncoding = 4; lastKnownFileType = sourcecode.c.h; path = TGCameraShot.h; sourceTree = "<group>"; };
		570889971DBB1AFC00A7E767 /* TGCameraShot.m */ = {isa = PBXFileReference; fileEncoding = 4; lastKnownFileType = sourcecode.c.objc; path = TGCameraShot.m; sourceTree = "<group>"; };
		570889981DBB1AFC00A7E767 /* TGCameraToggle.h */ = {isa = PBXFileReference; fileEncoding = 4; lastKnownFileType = sourcecode.c.h; path = TGCameraToggle.h; sourceTree = "<group>"; };
		570889991DBB1AFC00A7E767 /* TGCameraToggle.m */ = {isa = PBXFileReference; fileEncoding = 4; lastKnownFileType = sourcecode.c.objc; path = TGCameraToggle.m; sourceTree = "<group>"; };
		5708899B1DBB1AFC00A7E767 /* TGAssetImageFile.h */ = {isa = PBXFileReference; fileEncoding = 4; lastKnownFileType = sourcecode.c.h; path = TGAssetImageFile.h; sourceTree = "<group>"; };
		5708899C1DBB1AFC00A7E767 /* TGAssetImageFile.m */ = {isa = PBXFileReference; fileEncoding = 4; lastKnownFileType = sourcecode.c.objc; path = TGAssetImageFile.m; sourceTree = "<group>"; };
		5708899E1DBB1AFC00A7E767 /* TGCameraFilterView.h */ = {isa = PBXFileReference; fileEncoding = 4; lastKnownFileType = sourcecode.c.h; path = TGCameraFilterView.h; sourceTree = "<group>"; };
		5708899F1DBB1AFC00A7E767 /* TGCameraFilterView.m */ = {isa = PBXFileReference; fileEncoding = 4; lastKnownFileType = sourcecode.c.objc; path = TGCameraFilterView.m; sourceTree = "<group>"; };
		570889A01DBB1AFC00A7E767 /* TGCameraFocusView.h */ = {isa = PBXFileReference; fileEncoding = 4; lastKnownFileType = sourcecode.c.h; path = TGCameraFocusView.h; sourceTree = "<group>"; };
		570889A11DBB1AFC00A7E767 /* TGCameraFocusView.m */ = {isa = PBXFileReference; fileEncoding = 4; lastKnownFileType = sourcecode.c.objc; path = TGCameraFocusView.m; sourceTree = "<group>"; };
		570889A21DBB1AFC00A7E767 /* TGCameraGridView.h */ = {isa = PBXFileReference; fileEncoding = 4; lastKnownFileType = sourcecode.c.h; path = TGCameraGridView.h; sourceTree = "<group>"; };
		570889A31DBB1AFC00A7E767 /* TGCameraGridView.m */ = {isa = PBXFileReference; fileEncoding = 4; lastKnownFileType = sourcecode.c.objc; path = TGCameraGridView.m; sourceTree = "<group>"; };
		570889A41DBB1AFC00A7E767 /* TGCameraSlideDownView.h */ = {isa = PBXFileReference; fileEncoding = 4; lastKnownFileType = sourcecode.c.h; path = TGCameraSlideDownView.h; sourceTree = "<group>"; };
		570889A51DBB1AFC00A7E767 /* TGCameraSlideDownView.m */ = {isa = PBXFileReference; fileEncoding = 4; lastKnownFileType = sourcecode.c.objc; path = TGCameraSlideDownView.m; sourceTree = "<group>"; };
		570889A61DBB1AFC00A7E767 /* TGCameraSlideUpView.h */ = {isa = PBXFileReference; fileEncoding = 4; lastKnownFileType = sourcecode.c.h; path = TGCameraSlideUpView.h; sourceTree = "<group>"; };
		570889A71DBB1AFC00A7E767 /* TGCameraSlideUpView.m */ = {isa = PBXFileReference; fileEncoding = 4; lastKnownFileType = sourcecode.c.objc; path = TGCameraSlideUpView.m; sourceTree = "<group>"; };
		570889A81DBB1AFC00A7E767 /* TGCameraSlideView.h */ = {isa = PBXFileReference; fileEncoding = 4; lastKnownFileType = sourcecode.c.h; path = TGCameraSlideView.h; sourceTree = "<group>"; };
		570889A91DBB1AFC00A7E767 /* TGCameraSlideView.m */ = {isa = PBXFileReference; fileEncoding = 4; lastKnownFileType = sourcecode.c.objc; path = TGCameraSlideView.m; sourceTree = "<group>"; };
		570889AA1DBB1AFC00A7E767 /* TGTintedButton.h */ = {isa = PBXFileReference; fileEncoding = 4; lastKnownFileType = sourcecode.c.h; path = TGTintedButton.h; sourceTree = "<group>"; };
		570889AB1DBB1AFC00A7E767 /* TGTintedButton.m */ = {isa = PBXFileReference; fileEncoding = 4; lastKnownFileType = sourcecode.c.objc; path = TGTintedButton.m; sourceTree = "<group>"; };
		570889AC1DBB1AFC00A7E767 /* TGTintedLabel.h */ = {isa = PBXFileReference; fileEncoding = 4; lastKnownFileType = sourcecode.c.h; path = TGTintedLabel.h; sourceTree = "<group>"; };
		570889AD1DBB1AFC00A7E767 /* TGTintedLabel.m */ = {isa = PBXFileReference; fileEncoding = 4; lastKnownFileType = sourcecode.c.objc; path = TGTintedLabel.m; sourceTree = "<group>"; };
		570889B01DBB1AFC00A7E767 /* Base */ = {isa = PBXFileReference; lastKnownFileType = file.xib; name = Base; path = Base.lproj/TGCameraAuthorizationViewController.xib; sourceTree = "<group>"; };
		570889B21DBB1AFC00A7E767 /* Base */ = {isa = PBXFileReference; lastKnownFileType = file.xib; name = Base; path = Base.lproj/TGCameraViewController.xib; sourceTree = "<group>"; };
		570889B41DBB1AFC00A7E767 /* Base */ = {isa = PBXFileReference; lastKnownFileType = file.xib; name = Base; path = Base.lproj/TGPhotoViewController.xib; sourceTree = "<group>"; };
		570889B61DBB1AFC00A7E767 /* TGCameraViewController.bundle */ = {isa = PBXFileReference; lastKnownFileType = "wrapper.plug-in"; path = TGCameraViewController.bundle; sourceTree = "<group>"; };
		570889B71DBB1AFC00A7E767 /* TGCameraViewController.xcassets */ = {isa = PBXFileReference; lastKnownFileType = folder.assetcatalog; path = TGCameraViewController.xcassets; sourceTree = "<group>"; };
		57088AE61DBC2BC100A7E767 /* EdgePanTransition.swift */ = {isa = PBXFileReference; fileEncoding = 4; lastKnownFileType = sourcecode.swift; path = EdgePanTransition.swift; sourceTree = "<group>"; };
		57088AE71DBC2BC100A7E767 /* ElasticShapeLayer.swift */ = {isa = PBXFileReference; fileEncoding = 4; lastKnownFileType = sourcecode.swift; path = ElasticShapeLayer.swift; sourceTree = "<group>"; };
		57088AE81DBC2BC100A7E767 /* ElasticTransition.swift */ = {isa = PBXFileReference; fileEncoding = 4; lastKnownFileType = sourcecode.swift; path = ElasticTransition.swift; sourceTree = "<group>"; };
		57088AE91DBC2BC100A7E767 /* ElasticTransitionPresentationController.swift */ = {isa = PBXFileReference; fileEncoding = 4; lastKnownFileType = sourcecode.swift; path = ElasticTransitionPresentationController.swift; sourceTree = "<group>"; };
		57088AEA1DBC2BC100A7E767 /* Util.swift */ = {isa = PBXFileReference; fileEncoding = 4; lastKnownFileType = sourcecode.swift; path = Util.swift; sourceTree = "<group>"; };
		57088AF01DBC2BCB00A7E767 /* ElasticModalViewController.swift */ = {isa = PBXFileReference; fileEncoding = 4; lastKnownFileType = sourcecode.swift; path = ElasticModalViewController.swift; sourceTree = "<group>"; };
		571986DC1D9097A200221D27 /* STAR.entitlements */ = {isa = PBXFileReference; lastKnownFileType = text.plist.entitlements; path = STAR.entitlements; sourceTree = "<group>"; };
		571986DD1D909D3E00221D27 /* STArchiveListVC.swift */ = {isa = PBXFileReference; fileEncoding = 4; lastKnownFileType = sourcecode.swift; path = STArchiveListVC.swift; sourceTree = "<group>"; };
		571986E01D90AB2D00221D27 /* STHelpers.swift */ = {isa = PBXFileReference; fileEncoding = 4; lastKnownFileType = sourcecode.swift; path = STHelpers.swift; sourceTree = "<group>"; };
		571C82DD1D9ED03E00CFC070 /* STInstitution.swift */ = {isa = PBXFileReference; fileEncoding = 4; lastKnownFileType = sourcecode.swift; path = STInstitution.swift; sourceTree = "<group>"; };
		5746D1FD1D98B1970006F72D /* STUser.swift */ = {isa = PBXFileReference; fileEncoding = 4; lastKnownFileType = sourcecode.swift; path = STUser.swift; sourceTree = "<group>"; };
		5754F9071DB5DEB000C3B3A1 /* DZNEmptyDataSet.framework */ = {isa = PBXFileReference; lastKnownFileType = wrapper.framework; name = DZNEmptyDataSet.framework; path = Carthage/Build/iOS/DZNEmptyDataSet.framework; sourceTree = "<group>"; };
		5754F9091DB5DEB300C3B3A1 /* MBProgressHUD.framework */ = {isa = PBXFileReference; lastKnownFileType = wrapper.framework; name = MBProgressHUD.framework; path = Carthage/Build/iOS/MBProgressHUD.framework; sourceTree = "<group>"; };
		5754F90B1DB5DEB700C3B3A1 /* TwicketSegmentedControl.framework */ = {isa = PBXFileReference; lastKnownFileType = wrapper.framework; name = TwicketSegmentedControl.framework; path = Carthage/Build/iOS/TwicketSegmentedControl.framework; sourceTree = "<group>"; };
		5754F90F1DB5E3C100C3B3A1 /* TwicketSegmentedControl.swift */ = {isa = PBXFileReference; fileEncoding = 4; lastKnownFileType = sourcecode.swift; path = TwicketSegmentedControl.swift; sourceTree = "<group>"; };
		5754F9111DB5E3CB00C3B3A1 /* Palette.swift */ = {isa = PBXFileReference; fileEncoding = 4; lastKnownFileType = sourcecode.swift; path = Palette.swift; sourceTree = "<group>"; };
		5754F9141DB6B84400C3B3A1 /* STItemDetailVC.swift */ = {isa = PBXFileReference; fileEncoding = 4; lastKnownFileType = sourcecode.swift; path = STItemDetailVC.swift; sourceTree = "<group>"; };
		57558DFF1D9F2ED6002AA922 /* STArchiveCollectionViewCell.swift */ = {isa = PBXFileReference; fileEncoding = 4; lastKnownFileType = sourcecode.swift; path = STArchiveCollectionViewCell.swift; sourceTree = "<group>"; };
		57558E011D9F47E9002AA922 /* STArchiveDetailVC.swift */ = {isa = PBXFileReference; fileEncoding = 4; lastKnownFileType = sourcecode.swift; path = STArchiveDetailVC.swift; sourceTree = "<group>"; };
		57558E031D9F500C002AA922 /* STArchiveHeaderView.swift */ = {isa = PBXFileReference; fileEncoding = 4; lastKnownFileType = sourcecode.swift; path = STArchiveHeaderView.swift; sourceTree = "<group>"; };
		57558E051D9F69A7002AA922 /* STBox.swift */ = {isa = PBXFileReference; fileEncoding = 4; lastKnownFileType = sourcecode.swift; path = STBox.swift; sourceTree = "<group>"; };
		57558E071D9F69C1002AA922 /* STCollection.swift */ = {isa = PBXFileReference; fileEncoding = 4; lastKnownFileType = sourcecode.swift; path = STCollection.swift; sourceTree = "<group>"; };
		57558E091D9F6A66002AA922 /* STVolume.swift */ = {isa = PBXFileReference; fileEncoding = 4; lastKnownFileType = sourcecode.swift; path = STVolume.swift; sourceTree = "<group>"; };
		57558E0B1D9F6AAC002AA922 /* STFolder.swift */ = {isa = PBXFileReference; fileEncoding = 4; lastKnownFileType = sourcecode.swift; path = STFolder.swift; sourceTree = "<group>"; };
		575D51041D9047BB00788BFA /* STAR.app */ = {isa = PBXFileReference; explicitFileType = wrapper.application; includeInIndex = 0; path = STAR.app; sourceTree = BUILT_PRODUCTS_DIR; };
		575D51071D9047BB00788BFA /* AppDelegate.swift */ = {isa = PBXFileReference; lastKnownFileType = sourcecode.swift; path = AppDelegate.swift; sourceTree = "<group>"; };
		575D510C1D9047BB00788BFA /* Base */ = {isa = PBXFileReference; lastKnownFileType = file.storyboard; name = Base; path = Base.lproj/Main.storyboard; sourceTree = "<group>"; };
		575D510E1D9047BB00788BFA /* Assets.xcassets */ = {isa = PBXFileReference; lastKnownFileType = folder.assetcatalog; path = Assets.xcassets; sourceTree = "<group>"; };
		575D51111D9047BB00788BFA /* Base */ = {isa = PBXFileReference; lastKnownFileType = file.storyboard; name = Base; path = Base.lproj/LaunchScreen.storyboard; sourceTree = "<group>"; };
		575D51131D9047BB00788BFA /* Info.plist */ = {isa = PBXFileReference; lastKnownFileType = text.plist.xml; path = Info.plist; sourceTree = "<group>"; };
		575D51191D90488300788BFA /* GoogleService-Info.plist */ = {isa = PBXFileReference; fileEncoding = 4; lastKnownFileType = text.plist.xml; path = "GoogleService-Info.plist"; sourceTree = "<group>"; };
		575D511E1D904AD100788BFA /* STSignInController.swift */ = {isa = PBXFileReference; fileEncoding = 4; lastKnownFileType = sourcecode.swift; path = STSignInController.swift; sourceTree = "<group>"; };
		575D51211D906CA600788BFA /* UIViewController+keyboard.swift */ = {isa = PBXFileReference; fileEncoding = 4; lastKnownFileType = sourcecode.swift; path = "UIViewController+keyboard.swift"; sourceTree = "<group>"; };
		575D51231D9076E300788BFA /* STRoundedButton.swift */ = {isa = PBXFileReference; fileEncoding = 4; lastKnownFileType = sourcecode.swift; path = STRoundedButton.swift; sourceTree = "<group>"; };
		575D51251D90780000788BFA /* STDefines.swift */ = {isa = PBXFileReference; fileEncoding = 4; lastKnownFileType = sourcecode.swift; path = STDefines.swift; sourceTree = "<group>"; };
		575D51271D90816600788BFA /* STAR-Bridging-Header.h */ = {isa = PBXFileReference; lastKnownFileType = sourcecode.c.h; path = "STAR-Bridging-Header.h"; sourceTree = "<group>"; };
		5782F16D1D99DB520004F4BF /* STRootViewController.swift */ = {isa = PBXFileReference; fileEncoding = 4; lastKnownFileType = sourcecode.swift; path = STRootViewController.swift; sourceTree = "<group>"; };
		5782F1701D99DBF10004F4BF /* UIView+Shadow.swift */ = {isa = PBXFileReference; fileEncoding = 4; lastKnownFileType = sourcecode.swift; path = "UIView+Shadow.swift"; sourceTree = "<group>"; };
		5782F1761D99DCEC0004F4BF /* STToDoListVC.swift */ = {isa = PBXFileReference; fileEncoding = 4; lastKnownFileType = sourcecode.swift; path = STToDoListVC.swift; sourceTree = "<group>"; };
		5782F1791D99F0220004F4BF /* UIColor+HexValue.swift */ = {isa = PBXFileReference; fileEncoding = 4; lastKnownFileType = sourcecode.swift; path = "UIColor+HexValue.swift"; sourceTree = "<group>"; };
		57FEEF7B1D9B62C900BF32AB /* STRealmDB.swift */ = {isa = PBXFileReference; fileEncoding = 4; lastKnownFileType = sourcecode.swift; path = STRealmDB.swift; sourceTree = "<group>"; };
		57FEEF7D1D9C5A5100BF32AB /* STFirebaseDB.swift */ = {isa = PBXFileReference; fileEncoding = 4; lastKnownFileType = sourcecode.swift; path = STFirebaseDB.swift; sourceTree = "<group>"; };
		57FEEF7F1D9DC99C00BF32AB /* STItem.swift */ = {isa = PBXFileReference; fileEncoding = 4; lastKnownFileType = sourcecode.swift; path = STItem.swift; sourceTree = "<group>"; };
		57FEEF811D9DD2AF00BF32AB /* STModelBase.swift */ = {isa = PBXFileReference; fileEncoding = 4; lastKnownFileType = sourcecode.swift; path = STModelBase.swift; sourceTree = "<group>"; };
		57FEEF851D9DDD4C00BF32AB /* STCameraButton.swift */ = {isa = PBXFileReference; fileEncoding = 4; lastKnownFileType = sourcecode.swift; path = STCameraButton.swift; sourceTree = "<group>"; };
		6663C129DC322885BB060DCE /* Pods-STAR.release.xcconfig */ = {isa = PBXFileReference; includeInIndex = 1; lastKnownFileType = text.xcconfig; name = "Pods-STAR.release.xcconfig"; path = "Pods/Target Support Files/Pods-STAR/Pods-STAR.release.xcconfig"; sourceTree = "<group>"; };
		8AE6202C83A79198AB9BA53A /* Pods-STAR.debug.xcconfig */ = {isa = PBXFileReference; includeInIndex = 1; lastKnownFileType = text.xcconfig; name = "Pods-STAR.debug.xcconfig"; path = "Pods/Target Support Files/Pods-STAR/Pods-STAR.debug.xcconfig"; sourceTree = "<group>"; };
/* End PBXFileReference section */

/* Begin PBXFrameworksBuildPhase section */
		575D51011D9047BB00788BFA /* Frameworks */ = {
			isa = PBXFrameworksBuildPhase;
			buildActionMask = 2147483647;
			files = (
				BBB6A58F9EAE755FDA773050 /* Pods_STAR.framework in Frameworks */,
				5754F90A1DB5DEB300C3B3A1 /* MBProgressHUD.framework in Frameworks */,
				5754F9081DB5DEB000C3B3A1 /* DZNEmptyDataSet.framework in Frameworks */,
				570889751DBA6A4F00A7E767 /* JVFloatLabeledText.framework in Frameworks */,
			);
			runOnlyForDeploymentPostprocessing = 0;
		};
/* End PBXFrameworksBuildPhase section */

/* Begin PBXGroup section */
		4E8CC49033C724192BE5E7E6 /* Pods */ = {
			isa = PBXGroup;
			children = (
				8AE6202C83A79198AB9BA53A /* Pods-STAR.debug.xcconfig */,
				6663C129DC322885BB060DCE /* Pods-STAR.release.xcconfig */,
			);
			name = Pods;
			sourceTree = "<group>";
		};
		570889771DBB1AFC00A7E767 /* TGCameraViewController */ = {
			isa = PBXGroup;
			children = (
				570889781DBB1AFC00A7E767 /* Classes */,
				570889B51DBB1AFC00A7E767 /* Resources */,
				570889B71DBB1AFC00A7E767 /* TGCameraViewController.xcassets */,
			);
			path = TGCameraViewController;
			sourceTree = "<group>";
		};
		570889781DBB1AFC00A7E767 /* Classes */ = {
			isa = PBXGroup;
			children = (
				570889791DBB1AFC00A7E767 /* Category */,
				5708897C1DBB1AFC00A7E767 /* Control */,
				570889851DBB1AFC00A7E767 /* Helper */,
				5708899A1DBB1AFC00A7E767 /* Model */,
				5708899D1DBB1AFC00A7E767 /* UI */,
				570889AE1DBB1AFC00A7E767 /* View */,
			);
			path = Classes;
			sourceTree = "<group>";
		};
		570889791DBB1AFC00A7E767 /* Category */ = {
			isa = PBXGroup;
			children = (
				5708897A1DBB1AFC00A7E767 /* UIImage+CameraFilters.h */,
				5708897B1DBB1AFC00A7E767 /* UIImage+CameraFilters.m */,
			);
			path = Category;
			sourceTree = "<group>";
		};
		5708897C1DBB1AFC00A7E767 /* Control */ = {
			isa = PBXGroup;
			children = (
				5708897D1DBB1AFC00A7E767 /* TGCameraAuthorizationViewController.h */,
				5708897E1DBB1AFC00A7E767 /* TGCameraAuthorizationViewController.m */,
				5708897F1DBB1AFC00A7E767 /* TGCameraNavigationController.h */,
				570889801DBB1AFC00A7E767 /* TGCameraNavigationController.m */,
				570889811DBB1AFC00A7E767 /* TGCameraViewController.h */,
				570889821DBB1AFC00A7E767 /* TGCameraViewController.m */,
				570889831DBB1AFC00A7E767 /* TGPhotoViewController.h */,
				570889841DBB1AFC00A7E767 /* TGPhotoViewController.m */,
			);
			path = Control;
			sourceTree = "<group>";
		};
		570889851DBB1AFC00A7E767 /* Helper */ = {
			isa = PBXGroup;
			children = (
				570889861DBB1AFC00A7E767 /* TGAlbum.h */,
				570889871DBB1AFC00A7E767 /* TGAlbum.m */,
				570889881DBB1AFC00A7E767 /* TGAssetsLibrary.h */,
				570889891DBB1AFC00A7E767 /* TGAssetsLibrary.m */,
				5708898A1DBB1AFC00A7E767 /* TGCamera.h */,
				5708898B1DBB1AFC00A7E767 /* TGCamera.m */,
				5708898C1DBB1AFC00A7E767 /* TGCameraColor.h */,
				5708898D1DBB1AFC00A7E767 /* TGCameraColor.m */,
				5708898E1DBB1AFC00A7E767 /* TGCameraFlash.h */,
				5708898F1DBB1AFC00A7E767 /* TGCameraFlash.m */,
				570889901DBB1AFC00A7E767 /* TGCameraFocus.h */,
				570889911DBB1AFC00A7E767 /* TGCameraFocus.m */,
				570889921DBB1AFC00A7E767 /* TGCameraFunctions.h */,
				570889931DBB1AFC00A7E767 /* TGCameraFunctions.m */,
				570889941DBB1AFC00A7E767 /* TGCameraGrid.h */,
				570889951DBB1AFC00A7E767 /* TGCameraGrid.m */,
				570889961DBB1AFC00A7E767 /* TGCameraShot.h */,
				570889971DBB1AFC00A7E767 /* TGCameraShot.m */,
				570889981DBB1AFC00A7E767 /* TGCameraToggle.h */,
				570889991DBB1AFC00A7E767 /* TGCameraToggle.m */,
			);
			path = Helper;
			sourceTree = "<group>";
		};
		5708899A1DBB1AFC00A7E767 /* Model */ = {
			isa = PBXGroup;
			children = (
				5708899B1DBB1AFC00A7E767 /* TGAssetImageFile.h */,
				5708899C1DBB1AFC00A7E767 /* TGAssetImageFile.m */,
			);
			path = Model;
			sourceTree = "<group>";
		};
		5708899D1DBB1AFC00A7E767 /* UI */ = {
			isa = PBXGroup;
			children = (
				5708899E1DBB1AFC00A7E767 /* TGCameraFilterView.h */,
				5708899F1DBB1AFC00A7E767 /* TGCameraFilterView.m */,
				570889A01DBB1AFC00A7E767 /* TGCameraFocusView.h */,
				570889A11DBB1AFC00A7E767 /* TGCameraFocusView.m */,
				570889A21DBB1AFC00A7E767 /* TGCameraGridView.h */,
				570889A31DBB1AFC00A7E767 /* TGCameraGridView.m */,
				570889A41DBB1AFC00A7E767 /* TGCameraSlideDownView.h */,
				570889A51DBB1AFC00A7E767 /* TGCameraSlideDownView.m */,
				570889A61DBB1AFC00A7E767 /* TGCameraSlideUpView.h */,
				570889A71DBB1AFC00A7E767 /* TGCameraSlideUpView.m */,
				570889A81DBB1AFC00A7E767 /* TGCameraSlideView.h */,
				570889A91DBB1AFC00A7E767 /* TGCameraSlideView.m */,
				570889AA1DBB1AFC00A7E767 /* TGTintedButton.h */,
				570889AB1DBB1AFC00A7E767 /* TGTintedButton.m */,
				570889AC1DBB1AFC00A7E767 /* TGTintedLabel.h */,
				570889AD1DBB1AFC00A7E767 /* TGTintedLabel.m */,
			);
			path = UI;
			sourceTree = "<group>";
		};
		570889AE1DBB1AFC00A7E767 /* View */ = {
			isa = PBXGroup;
			children = (
				570889AF1DBB1AFC00A7E767 /* TGCameraAuthorizationViewController.xib */,
				570889B11DBB1AFC00A7E767 /* TGCameraViewController.xib */,
				570889B31DBB1AFC00A7E767 /* TGPhotoViewController.xib */,
			);
			path = View;
			sourceTree = "<group>";
		};
		570889B51DBB1AFC00A7E767 /* Resources */ = {
			isa = PBXGroup;
			children = (
				570889B61DBB1AFC00A7E767 /* TGCameraViewController.bundle */,
			);
			path = Resources;
			sourceTree = "<group>";
		};
		57088AE51DBC2BA300A7E767 /* ElasticTransition */ = {
			isa = PBXGroup;
			children = (
				57088AF01DBC2BCB00A7E767 /* ElasticModalViewController.swift */,
				57088AE61DBC2BC100A7E767 /* EdgePanTransition.swift */,
				57088AE71DBC2BC100A7E767 /* ElasticShapeLayer.swift */,
				57088AE81DBC2BC100A7E767 /* ElasticTransition.swift */,
				57088AE91DBC2BC100A7E767 /* ElasticTransitionPresentationController.swift */,
				57088AEA1DBC2BC100A7E767 /* Util.swift */,
			);
			name = ElasticTransition;
			sourceTree = "<group>";
		};
		571986E21D90E44800221D27 /* Supporting Files */ = {
			isa = PBXGroup;
			children = (
				575D51191D90488300788BFA /* GoogleService-Info.plist */,
				575D51131D9047BB00788BFA /* Info.plist */,
				575D51071D9047BB00788BFA /* AppDelegate.swift */,
				575D51271D90816600788BFA /* STAR-Bridging-Header.h */,
				575D510E1D9047BB00788BFA /* Assets.xcassets */,
			);
			name = "Supporting Files";
			sourceTree = "<group>";
		};
		571986E31D90E46A00221D27 /* Storyboards */ = {
			isa = PBXGroup;
			children = (
				575D51101D9047BB00788BFA /* LaunchScreen.storyboard */,
				575D510B1D9047BB00788BFA /* Main.storyboard */,
			);
			name = Storyboards;
			sourceTree = "<group>";
		};
		574523891D931F7A000A892A /* Vendors */ = {
			isa = PBXGroup;
			children = (
				57088AE51DBC2BA300A7E767 /* ElasticTransition */,
				570889771DBB1AFC00A7E767 /* TGCameraViewController */,
				5754F9131DB5E3CF00C3B3A1 /* TwicketSegmentedControl */,
			);
			name = Vendors;
			sourceTree = "<group>";
		};
		5746D1FB1D98A4390006F72D /* Utils */ = {
			isa = PBXGroup;
			children = (
				575D51251D90780000788BFA /* STDefines.swift */,
				571986E01D90AB2D00221D27 /* STHelpers.swift */,
				57FEEF7B1D9B62C900BF32AB /* STRealmDB.swift */,
				57FEEF7D1D9C5A5100BF32AB /* STFirebaseDB.swift */,
			);
			name = Utils;
			sourceTree = "<group>";
		};
		5754F9131DB5E3CF00C3B3A1 /* TwicketSegmentedControl */ = {
			isa = PBXGroup;
			children = (
				5754F90F1DB5E3C100C3B3A1 /* TwicketSegmentedControl.swift */,
				5754F9111DB5E3CB00C3B3A1 /* Palette.swift */,
			);
			name = TwicketSegmentedControl;
			sourceTree = "<group>";
		};
		575D50FB1D9047BB00788BFA = {
			isa = PBXGroup;
			children = (
				575D51061D9047BB00788BFA /* STAR */,
				575D51051D9047BB00788BFA /* Products */,
				4E8CC49033C724192BE5E7E6 /* Pods */,
				F422922C6C562931C19F588D /* Frameworks */,
			);
			sourceTree = "<group>";
		};
		575D51051D9047BB00788BFA /* Products */ = {
			isa = PBXGroup;
			children = (
				575D51041D9047BB00788BFA /* STAR.app */,
			);
			name = Products;
			sourceTree = "<group>";
		};
		575D51061D9047BB00788BFA /* STAR */ = {
			isa = PBXGroup;
			children = (
				571986DC1D9097A200221D27 /* STAR.entitlements */,
				5746D1FB1D98A4390006F72D /* Utils */,
				575D511C1D904A2C00788BFA /* Model */,
				575D511B1D904A2300788BFA /* View */,
				575D511D1D904A3500788BFA /* Controller */,
				575D51201D906C6600788BFA /* Extensions */,
				574523891D931F7A000A892A /* Vendors */,
				571986E21D90E44800221D27 /* Supporting Files */,
			);
			path = STAR;
			sourceTree = "<group>";
		};
		575D511B1D904A2300788BFA /* View */ = {
			isa = PBXGroup;
			children = (
				571986E31D90E46A00221D27 /* Storyboards */,
				575D51231D9076E300788BFA /* STRoundedButton.swift */,
				57FEEF851D9DDD4C00BF32AB /* STCameraButton.swift */,
				57558DFF1D9F2ED6002AA922 /* STArchiveCollectionViewCell.swift */,
				57558E031D9F500C002AA922 /* STArchiveHeaderView.swift */,
			);
			name = View;
			sourceTree = "<group>";
		};
		575D511C1D904A2C00788BFA /* Model */ = {
			isa = PBXGroup;
			children = (
				5746D1FD1D98B1970006F72D /* STUser.swift */,
				57FEEF7F1D9DC99C00BF32AB /* STItem.swift */,
				571C82DD1D9ED03E00CFC070 /* STInstitution.swift */,
				57558E051D9F69A7002AA922 /* STBox.swift */,
				57558E071D9F69C1002AA922 /* STCollection.swift */,
				57558E091D9F6A66002AA922 /* STVolume.swift */,
				57558E0B1D9F6AAC002AA922 /* STFolder.swift */,
				57FEEF811D9DD2AF00BF32AB /* STModelBase.swift */,
			);
			name = Model;
			sourceTree = "<group>";
		};
		575D511D1D904A3500788BFA /* Controller */ = {
			isa = PBXGroup;
			children = (
				575D511E1D904AD100788BFA /* STSignInController.swift */,
				5782F16D1D99DB520004F4BF /* STRootViewController.swift */,
				571986DD1D909D3E00221D27 /* STArchiveListVC.swift */,
				57558E011D9F47E9002AA922 /* STArchiveDetailVC.swift */,
				5754F9141DB6B84400C3B3A1 /* STItemDetailVC.swift */,
				5782F1761D99DCEC0004F4BF /* STToDoListVC.swift */,
			);
			name = Controller;
			sourceTree = "<group>";
		};
		575D51201D906C6600788BFA /* Extensions */ = {
			isa = PBXGroup;
			children = (
				5782F1701D99DBF10004F4BF /* UIView+Shadow.swift */,
				575D51211D906CA600788BFA /* UIViewController+keyboard.swift */,
				5782F1791D99F0220004F4BF /* UIColor+HexValue.swift */,
			);
			name = Extensions;
			sourceTree = "<group>";
		};
		F422922C6C562931C19F588D /* Frameworks */ = {
			isa = PBXGroup;
			children = (
				570889741DBA6A4F00A7E767 /* JVFloatLabeledText.framework */,
				5754F90B1DB5DEB700C3B3A1 /* TwicketSegmentedControl.framework */,
				5754F9091DB5DEB300C3B3A1 /* MBProgressHUD.framework */,
				5754F9071DB5DEB000C3B3A1 /* DZNEmptyDataSet.framework */,
				074434962672E087ACBF7A16 /* Pods_STAR.framework */,
			);
			name = Frameworks;
			sourceTree = "<group>";
		};
/* End PBXGroup section */

/* Begin PBXNativeTarget section */
		575D51031D9047BB00788BFA /* STAR */ = {
			isa = PBXNativeTarget;
			buildConfigurationList = 575D51161D9047BB00788BFA /* Build configuration list for PBXNativeTarget "STAR" */;
			buildPhases = (
				AC3044FC9484109384387A81 /* [CP] Check Pods Manifest.lock */,
				575D51001D9047BB00788BFA /* Sources */,
				575D51011D9047BB00788BFA /* Frameworks */,
				575D51021D9047BB00788BFA /* Resources */,
				5CDC4CB2BF7BF933ECB86557 /* [CP] Embed Pods Frameworks */,
				3DF69795392BD9B53CCDEEBC /* [CP] Copy Pods Resources */,
				5754F90E1DB5E14600C3B3A1 /* ShellScript */,
			);
			buildRules = (
			);
			dependencies = (
			);
			name = STAR;
			productName = STAR;
			productReference = 575D51041D9047BB00788BFA /* STAR.app */;
			productType = "com.apple.product-type.application";
		};
/* End PBXNativeTarget section */

/* Begin PBXProject section */
		575D50FC1D9047BB00788BFA /* Project object */ = {
			isa = PBXProject;
			attributes = {
				LastSwiftUpdateCheck = 0800;
				LastUpgradeCheck = 0800;
				ORGANIZATIONNAME = Chenglu_Li;
				TargetAttributes = {
					575D51031D9047BB00788BFA = {
						CreatedOnToolsVersion = 8.0;
						DevelopmentTeam = 6728FQG2GQ;
						LastSwiftMigration = 0800;
						ProvisioningStyle = Automatic;
						SystemCapabilities = {
							com.apple.Keychain = {
								enabled = 1;
							};
						};
					};
				};
			};
			buildConfigurationList = 575D50FF1D9047BB00788BFA /* Build configuration list for PBXProject "STAR" */;
			compatibilityVersion = "Xcode 3.2";
			developmentRegion = English;
			hasScannedForEncodings = 0;
			knownRegions = (
				en,
				Base,
				de,
				es,
				it,
				pt,
				ru,
				"sv-SE",
				tr,
			);
			mainGroup = 575D50FB1D9047BB00788BFA;
			productRefGroup = 575D51051D9047BB00788BFA /* Products */;
			projectDirPath = "";
			projectRoot = "";
			targets = (
				575D51031D9047BB00788BFA /* STAR */,
			);
		};
/* End PBXProject section */

/* Begin PBXResourcesBuildPhase section */
		575D51021D9047BB00788BFA /* Resources */ = {
			isa = PBXResourcesBuildPhase;
			buildActionMask = 2147483647;
			files = (
				570889D31DBB1AFC00A7E767 /* TGCameraViewController.bundle in Resources */,
				570889D01DBB1AFC00A7E767 /* TGCameraAuthorizationViewController.xib in Resources */,
				570889D41DBB1AFC00A7E767 /* TGCameraViewController.xcassets in Resources */,
				575D511A1D90488300788BFA /* GoogleService-Info.plist in Resources */,
				570889D11DBB1AFC00A7E767 /* TGCameraViewController.xib in Resources */,
				575D51121D9047BB00788BFA /* LaunchScreen.storyboard in Resources */,
				575D510F1D9047BB00788BFA /* Assets.xcassets in Resources */,
				570889D21DBB1AFC00A7E767 /* TGPhotoViewController.xib in Resources */,
				575D510D1D9047BB00788BFA /* Main.storyboard in Resources */,
			);
			runOnlyForDeploymentPostprocessing = 0;
		};
/* End PBXResourcesBuildPhase section */

/* Begin PBXShellScriptBuildPhase section */
		3DF69795392BD9B53CCDEEBC /* [CP] Copy Pods Resources */ = {
			isa = PBXShellScriptBuildPhase;
			buildActionMask = 2147483647;
			files = (
			);
			inputPaths = (
			);
			name = "[CP] Copy Pods Resources";
			outputPaths = (
			);
			runOnlyForDeploymentPostprocessing = 0;
			shellPath = /bin/sh;
			shellScript = "\"${SRCROOT}/Pods/Target Support Files/Pods-STAR/Pods-STAR-resources.sh\"\n";
			showEnvVarsInLog = 0;
		};
		5754F90E1DB5E14600C3B3A1 /* ShellScript */ = {
			isa = PBXShellScriptBuildPhase;
			buildActionMask = 2147483647;
			files = (
			);
			inputPaths = (
				"$(SRCROOT)/Carthage/Build/iOS/MBProgressHUD.framework",
				"$(SRCROOT)/Carthage/Build/iOS/DZNEmptyDataSet.framework",
				"$(SRCROOT)/Carthage/Build/iOS/JVFloatLabeledText.framework",
			);
			outputPaths = (
			);
			runOnlyForDeploymentPostprocessing = 0;
			shellPath = /bin/sh;
			shellScript = "/usr/local/bin/carthage copy-frameworks";
		};
		5CDC4CB2BF7BF933ECB86557 /* [CP] Embed Pods Frameworks */ = {
			isa = PBXShellScriptBuildPhase;
			buildActionMask = 2147483647;
			files = (
			);
			inputPaths = (
			);
			name = "[CP] Embed Pods Frameworks";
			outputPaths = (
			);
			runOnlyForDeploymentPostprocessing = 0;
			shellPath = /bin/sh;
			shellScript = "\"${SRCROOT}/Pods/Target Support Files/Pods-STAR/Pods-STAR-frameworks.sh\"\n";
			showEnvVarsInLog = 0;
		};
		AC3044FC9484109384387A81 /* [CP] Check Pods Manifest.lock */ = {
			isa = PBXShellScriptBuildPhase;
			buildActionMask = 2147483647;
			files = (
			);
			inputPaths = (
			);
			name = "[CP] Check Pods Manifest.lock";
			outputPaths = (
			);
			runOnlyForDeploymentPostprocessing = 0;
			shellPath = /bin/sh;
			shellScript = "diff \"${PODS_ROOT}/../Podfile.lock\" \"${PODS_ROOT}/Manifest.lock\" > /dev/null\nif [[ $? != 0 ]] ; then\n    cat << EOM\nerror: The sandbox is not in sync with the Podfile.lock. Run 'pod install' or update your CocoaPods installation.\nEOM\n    exit 1\nfi\n";
			showEnvVarsInLog = 0;
		};
/* End PBXShellScriptBuildPhase section */

/* Begin PBXSourcesBuildPhase section */
		575D51001D9047BB00788BFA /* Sources */ = {
			isa = PBXSourcesBuildPhase;
			buildActionMask = 2147483647;
			files = (
				570889BE1DBB1AFC00A7E767 /* TGAssetsLibrary.m in Sources */,
				5754F9121DB5E3CB00C3B3A1 /* Palette.swift in Sources */,
				57558E021D9F47E9002AA922 /* STArchiveDetailVC.swift in Sources */,
				570889C31DBB1AFC00A7E767 /* TGCameraFunctions.m in Sources */,
				57558E041D9F500C002AA922 /* STArchiveHeaderView.swift in Sources */,
				575D51241D9076E300788BFA /* STRoundedButton.swift in Sources */,
				57FEEF801D9DC99C00BF32AB /* STItem.swift in Sources */,
				5782F16E1D99DB520004F4BF /* STRootViewController.swift in Sources */,
				570889CD1DBB1AFC00A7E767 /* TGCameraSlideView.m in Sources */,
				570889BD1DBB1AFC00A7E767 /* TGAlbum.m in Sources */,
				57FEEF861D9DDD4C00BF32AB /* STCameraButton.swift in Sources */,
				570889CB1DBB1AFC00A7E767 /* TGCameraSlideDownView.m in Sources */,
				570889CE1DBB1AFC00A7E767 /* TGTintedButton.m in Sources */,
				5754F9151DB6B84400C3B3A1 /* STItemDetailVC.swift in Sources */,
				57088AF11DBC2BCB00A7E767 /* ElasticModalViewController.swift in Sources */,
				570889BA1DBB1AFC00A7E767 /* TGCameraNavigationController.m in Sources */,
				57558E081D9F69C1002AA922 /* STCollection.swift in Sources */,
				575D511F1D904AD100788BFA /* STSignInController.swift in Sources */,
				57088AED1DBC2BC100A7E767 /* ElasticTransition.swift in Sources */,
				5782F1711D99DBF10004F4BF /* UIView+Shadow.swift in Sources */,
				571986E11D90AB2D00221D27 /* STHelpers.swift in Sources */,
				575D51081D9047BB00788BFA /* AppDelegate.swift in Sources */,
				5746D1FE1D98B1970006F72D /* STUser.swift in Sources */,
				5754F9101DB5E3C100C3B3A1 /* TwicketSegmentedControl.swift in Sources */,
				570889C61DBB1AFC00A7E767 /* TGCameraToggle.m in Sources */,
				570889C11DBB1AFC00A7E767 /* TGCameraFlash.m in Sources */,
				57FEEF821D9DD2AF00BF32AB /* STModelBase.swift in Sources */,
				570889C81DBB1AFC00A7E767 /* TGCameraFilterView.m in Sources */,
				570889BC1DBB1AFC00A7E767 /* TGPhotoViewController.m in Sources */,
				57088AEC1DBC2BC100A7E767 /* ElasticShapeLayer.swift in Sources */,
				57FEEF7C1D9B62C900BF32AB /* STRealmDB.swift in Sources */,
				571C82DE1D9ED03E00CFC070 /* STInstitution.swift in Sources */,
				57088AEF1DBC2BC100A7E767 /* Util.swift in Sources */,
				570889CF1DBB1AFC00A7E767 /* TGTintedLabel.m in Sources */,
				571986DE1D909D3E00221D27 /* STArchiveListVC.swift in Sources */,
				5782F1771D99DCEC0004F4BF /* STToDoListVC.swift in Sources */,
				5782F17A1D99F0220004F4BF /* UIColor+HexValue.swift in Sources */,
				570889C51DBB1AFC00A7E767 /* TGCameraShot.m in Sources */,
				570889BB1DBB1AFC00A7E767 /* TGCameraViewController.m in Sources */,
				570889C21DBB1AFC00A7E767 /* TGCameraFocus.m in Sources */,
				57558E0C1D9F6AAC002AA922 /* STFolder.swift in Sources */,
				57558E061D9F69A7002AA922 /* STBox.swift in Sources */,
				57088AEE1DBC2BC100A7E767 /* ElasticTransitionPresentationController.swift in Sources */,
				570889B81DBB1AFC00A7E767 /* UIImage+CameraFilters.m in Sources */,
				57088AEB1DBC2BC100A7E767 /* EdgePanTransition.swift in Sources */,
				570889C41DBB1AFC00A7E767 /* TGCameraGrid.m in Sources */,
				570889BF1DBB1AFC00A7E767 /* TGCamera.m in Sources */,
				570889C91DBB1AFC00A7E767 /* TGCameraFocusView.m in Sources */,
				570889CC1DBB1AFC00A7E767 /* TGCameraSlideUpView.m in Sources */,
				575D51221D906CA600788BFA /* UIViewController+keyboard.swift in Sources */,
				570889C01DBB1AFC00A7E767 /* TGCameraColor.m in Sources */,
				575D51261D90780000788BFA /* STDefines.swift in Sources */,
				57FEEF7E1D9C5A5100BF32AB /* STFirebaseDB.swift in Sources */,
				570889CA1DBB1AFC00A7E767 /* TGCameraGridView.m in Sources */,
				57558E0A1D9F6A66002AA922 /* STVolume.swift in Sources */,
				570889B91DBB1AFC00A7E767 /* TGCameraAuthorizationViewController.m in Sources */,
				57558E001D9F2ED6002AA922 /* STArchiveCollectionViewCell.swift in Sources */,
				570889C71DBB1AFC00A7E767 /* TGAssetImageFile.m in Sources */,
			);
			runOnlyForDeploymentPostprocessing = 0;
		};
/* End PBXSourcesBuildPhase section */

/* Begin PBXVariantGroup section */
		570889AF1DBB1AFC00A7E767 /* TGCameraAuthorizationViewController.xib */ = {
			isa = PBXVariantGroup;
			children = (
				570889B01DBB1AFC00A7E767 /* Base */,
			);
			name = TGCameraAuthorizationViewController.xib;
			sourceTree = "<group>";
		};
		570889B11DBB1AFC00A7E767 /* TGCameraViewController.xib */ = {
			isa = PBXVariantGroup;
			children = (
				570889B21DBB1AFC00A7E767 /* Base */,
			);
			name = TGCameraViewController.xib;
			sourceTree = "<group>";
		};
		570889B31DBB1AFC00A7E767 /* TGPhotoViewController.xib */ = {
			isa = PBXVariantGroup;
			children = (
				570889B41DBB1AFC00A7E767 /* Base */,
			);
			name = TGPhotoViewController.xib;
			sourceTree = "<group>";
		};
		575D510B1D9047BB00788BFA /* Main.storyboard */ = {
			isa = PBXVariantGroup;
			children = (
				575D510C1D9047BB00788BFA /* Base */,
			);
			name = Main.storyboard;
			sourceTree = "<group>";
		};
		575D51101D9047BB00788BFA /* LaunchScreen.storyboard */ = {
			isa = PBXVariantGroup;
			children = (
				575D51111D9047BB00788BFA /* Base */,
			);
			name = LaunchScreen.storyboard;
			sourceTree = "<group>";
		};
/* End PBXVariantGroup section */

/* Begin XCBuildConfiguration section */
		575D51141D9047BB00788BFA /* Debug */ = {
			isa = XCBuildConfiguration;
			buildSettings = {
				ALWAYS_SEARCH_USER_PATHS = NO;
				CLANG_ANALYZER_NONNULL = YES;
				CLANG_CXX_LANGUAGE_STANDARD = "gnu++0x";
				CLANG_CXX_LIBRARY = "libc++";
				CLANG_ENABLE_MODULES = YES;
				CLANG_ENABLE_OBJC_ARC = YES;
				CLANG_WARN_BOOL_CONVERSION = YES;
				CLANG_WARN_CONSTANT_CONVERSION = YES;
				CLANG_WARN_DIRECT_OBJC_ISA_USAGE = YES_ERROR;
				CLANG_WARN_DOCUMENTATION_COMMENTS = YES;
				CLANG_WARN_EMPTY_BODY = YES;
				CLANG_WARN_ENUM_CONVERSION = YES;
				CLANG_WARN_INFINITE_RECURSION = YES;
				CLANG_WARN_INT_CONVERSION = YES;
				CLANG_WARN_OBJC_ROOT_CLASS = YES_ERROR;
				CLANG_WARN_SUSPICIOUS_MOVE = YES;
				CLANG_WARN_SUSPICIOUS_MOVES = YES;
				CLANG_WARN_UNREACHABLE_CODE = YES;
				CLANG_WARN__DUPLICATE_METHOD_MATCH = YES;
				"CODE_SIGN_IDENTITY[sdk=iphoneos*]" = "iPhone Developer";
				COPY_PHASE_STRIP = NO;
				DEBUG_INFORMATION_FORMAT = dwarf;
				ENABLE_STRICT_OBJC_MSGSEND = YES;
				ENABLE_TESTABILITY = YES;
				GCC_C_LANGUAGE_STANDARD = gnu99;
				GCC_DYNAMIC_NO_PIC = NO;
				GCC_NO_COMMON_BLOCKS = YES;
				GCC_OPTIMIZATION_LEVEL = 0;
				GCC_PREPROCESSOR_DEFINITIONS = (
					"DEBUG=1",
					"$(inherited)",
				);
				GCC_WARN_64_TO_32_BIT_CONVERSION = YES;
				GCC_WARN_ABOUT_RETURN_TYPE = YES_ERROR;
				GCC_WARN_UNDECLARED_SELECTOR = YES;
				GCC_WARN_UNINITIALIZED_AUTOS = YES_AGGRESSIVE;
				GCC_WARN_UNUSED_FUNCTION = YES;
				GCC_WARN_UNUSED_VARIABLE = YES;
				IPHONEOS_DEPLOYMENT_TARGET = 10.0;
				MTL_ENABLE_DEBUG_INFO = YES;
				ONLY_ACTIVE_ARCH = YES;
				SDKROOT = iphoneos;
				SWIFT_ACTIVE_COMPILATION_CONDITIONS = DEBUG;
				SWIFT_OPTIMIZATION_LEVEL = "-Onone";
			};
			name = Debug;
		};
		575D51151D9047BB00788BFA /* Release */ = {
			isa = XCBuildConfiguration;
			buildSettings = {
				ALWAYS_SEARCH_USER_PATHS = NO;
				CLANG_ANALYZER_NONNULL = YES;
				CLANG_CXX_LANGUAGE_STANDARD = "gnu++0x";
				CLANG_CXX_LIBRARY = "libc++";
				CLANG_ENABLE_MODULES = YES;
				CLANG_ENABLE_OBJC_ARC = YES;
				CLANG_WARN_BOOL_CONVERSION = YES;
				CLANG_WARN_CONSTANT_CONVERSION = YES;
				CLANG_WARN_DIRECT_OBJC_ISA_USAGE = YES_ERROR;
				CLANG_WARN_DOCUMENTATION_COMMENTS = YES;
				CLANG_WARN_EMPTY_BODY = YES;
				CLANG_WARN_ENUM_CONVERSION = YES;
				CLANG_WARN_INFINITE_RECURSION = YES;
				CLANG_WARN_INT_CONVERSION = YES;
				CLANG_WARN_OBJC_ROOT_CLASS = YES_ERROR;
				CLANG_WARN_SUSPICIOUS_MOVE = YES;
				CLANG_WARN_SUSPICIOUS_MOVES = YES;
				CLANG_WARN_UNREACHABLE_CODE = YES;
				CLANG_WARN__DUPLICATE_METHOD_MATCH = YES;
				"CODE_SIGN_IDENTITY[sdk=iphoneos*]" = "iPhone Developer";
				COPY_PHASE_STRIP = NO;
				DEBUG_INFORMATION_FORMAT = "dwarf-with-dsym";
				ENABLE_NS_ASSERTIONS = NO;
				ENABLE_STRICT_OBJC_MSGSEND = YES;
				GCC_C_LANGUAGE_STANDARD = gnu99;
				GCC_NO_COMMON_BLOCKS = YES;
				GCC_WARN_64_TO_32_BIT_CONVERSION = YES;
				GCC_WARN_ABOUT_RETURN_TYPE = YES_ERROR;
				GCC_WARN_UNDECLARED_SELECTOR = YES;
				GCC_WARN_UNINITIALIZED_AUTOS = YES_AGGRESSIVE;
				GCC_WARN_UNUSED_FUNCTION = YES;
				GCC_WARN_UNUSED_VARIABLE = YES;
				IPHONEOS_DEPLOYMENT_TARGET = 10.0;
				MTL_ENABLE_DEBUG_INFO = NO;
				SDKROOT = iphoneos;
				SWIFT_OPTIMIZATION_LEVEL = "-Owholemodule";
				VALIDATE_PRODUCT = YES;
			};
			name = Release;
		};
		575D51171D9047BB00788BFA /* Debug */ = {
			isa = XCBuildConfiguration;
			baseConfigurationReference = 8AE6202C83A79198AB9BA53A /* Pods-STAR.debug.xcconfig */;
			buildSettings = {
				ALWAYS_EMBED_SWIFT_STANDARD_LIBRARIES = YES;
				ASSETCATALOG_COMPILER_APPICON_NAME = AppIcon;
				CLANG_ENABLE_MODULES = YES;
				CODE_SIGN_ENTITLEMENTS = STAR/STAR.entitlements;
				DEBUG_INFORMATION_FORMAT = "dwarf-with-dsym";
				DEVELOPMENT_TEAM = 6728FQG2GQ;
				FRAMEWORK_SEARCH_PATHS = (
					"$(inherited)",
					"$(PROJECT_DIR)/Carthage/Build/iOS",
				);
				INFOPLIST_FILE = STAR/Info.plist;
				IPHONEOS_DEPLOYMENT_TARGET = 9.0;
				LD_RUNPATH_SEARCH_PATHS = "$(inherited) @executable_path/Frameworks";
				PRODUCT_BUNDLE_IDENTIFIER = Chenglu.STAR;
				PRODUCT_NAME = "$(TARGET_NAME)";
				SWIFT_OBJC_BRIDGING_HEADER = "STAR/STAR-Bridging-Header.h";
				SWIFT_OPTIMIZATION_LEVEL = "-Onone";
				SWIFT_VERSION = 3.0;
			};
			name = Debug;
		};
		575D51181D9047BB00788BFA /* Release */ = {
			isa = XCBuildConfiguration;
			baseConfigurationReference = 6663C129DC322885BB060DCE /* Pods-STAR.release.xcconfig */;
			buildSettings = {
				ALWAYS_EMBED_SWIFT_STANDARD_LIBRARIES = YES;
				ASSETCATALOG_COMPILER_APPICON_NAME = AppIcon;
				CLANG_ENABLE_MODULES = YES;
				CODE_SIGN_ENTITLEMENTS = STAR/STAR.entitlements;
				DEVELOPMENT_TEAM = 6728FQG2GQ;
				FRAMEWORK_SEARCH_PATHS = (
					"$(inherited)",
					"$(PROJECT_DIR)/Carthage/Build/iOS",
				);
				INFOPLIST_FILE = STAR/Info.plist;
				IPHONEOS_DEPLOYMENT_TARGET = 9.0;
				LD_RUNPATH_SEARCH_PATHS = "$(inherited) @executable_path/Frameworks";
				PRODUCT_BUNDLE_IDENTIFIER = Chenglu.STAR;
				PRODUCT_NAME = "$(TARGET_NAME)";
				SWIFT_OBJC_BRIDGING_HEADER = "STAR/STAR-Bridging-Header.h";
				SWIFT_VERSION = 3.0;
			};
			name = Release;
		};
/* End XCBuildConfiguration section */

/* Begin XCConfigurationList section */
		575D50FF1D9047BB00788BFA /* Build configuration list for PBXProject "STAR" */ = {
			isa = XCConfigurationList;
			buildConfigurations = (
				575D51141D9047BB00788BFA /* Debug */,
				575D51151D9047BB00788BFA /* Release */,
			);
			defaultConfigurationIsVisible = 0;
			defaultConfigurationName = Release;
		};
		575D51161D9047BB00788BFA /* Build configuration list for PBXNativeTarget "STAR" */ = {
			isa = XCConfigurationList;
			buildConfigurations = (
				575D51171D9047BB00788BFA /* Debug */,
				575D51181D9047BB00788BFA /* Release */,
			);
			defaultConfigurationIsVisible = 0;
			defaultConfigurationName = Release;
		};
/* End XCConfigurationList section */
	};
	rootObject = 575D50FC1D9047BB00788BFA /* Project object */;
}
